
Microsoft Visual Studio Solution File, Format Version 12.00
# Visual Studio Version 17
VisualStudioVersion = 17.2.32630.192
MinimumVisualStudioVersion = 10.0.40219.1
Project("{9A19103F-16F7-4668-BE54-9A1E7A4F7556}") = "R5T.F0137", "R5T.F0137\R5T.F0137.csproj", "{459B080B-3100-434A-8E17-1F1E4888F616}"
EndProject
Project("{2150E333-8FDC-42A3-9474-1A3956D46DE8}") = "_Dependencies", "_Dependencies", "{DCC4FB02-96F5-4184-BEF4-CCF3FA636010}"
EndProject
Project("{9A19103F-16F7-4668-BE54-9A1E7A4F7556}") = "R5T.F0000", "..\..\R5T.F0000\source\R5T.F0000\R5T.F0000.csproj", "{AA2A09D6-1710-4531-A1DA-C11471DEBCF7}"
EndProject
Project("{9A19103F-16F7-4668-BE54-9A1E7A4F7556}") = "R5T.F0002", "..\..\R5T.F0002\source\R5T.F0002\R5T.F0002.csproj", "{37B6AF8F-CC20-4329-AA8C-243C32F456E4}"
EndProject
Project("{9A19103F-16F7-4668-BE54-9A1E7A4F7556}") = "R5T.F0120", "..\..\R5T.F0120\source\R5T.F0120\R5T.F0120.csproj", "{3ABB55BF-A104-4125-9332-D5FA8D523E94}"
EndProject
Project("{9A19103F-16F7-4668-BE54-9A1E7A4F7556}") = "R5T.F0124", "..\..\R5T.F0124\source\R5T.F0124\R5T.F0124.csproj", "{2FA0B786-81D1-4CD6-8A3B-5DA4AAD98B85}"
EndProject
Project("{9A19103F-16F7-4668-BE54-9A1E7A4F7556}") = "R5T.F0125", "..\..\R5T.F0125\source\R5T.F0125\R5T.F0125.csproj", "{2F27FE25-3DB4-4A6A-9168-92C12A58E34A}"
EndProject
Project("{9A19103F-16F7-4668-BE54-9A1E7A4F7556}") = "R5T.L0030.T000", "..\..\R5T.L0030\source\R5T.L0030.T000\R5T.L0030.T000.csproj", "{68BDF804-ACB5-4230-ADB3-0AECE7F62EE8}"
EndProject
Project("{9A19103F-16F7-4668-BE54-9A1E7A4F7556}") = "R5T.L0030", "..\..\R5T.L0030\source\R5T.L0030\R5T.L0030.csproj", "{D01AD928-39E9-44D0-A0C3-B3CC6ADC277A}"
EndProject
Project("{9A19103F-16F7-4668-BE54-9A1E7A4F7556}") = "R5T.L0034", "..\..\R5T.L0034\source\R5T.L0034\R5T.L0034.csproj", "{279C92A9-C830-429C-B9DA-A76F15F5AD93}"
EndProject
Project("{9A19103F-16F7-4668-BE54-9A1E7A4F7556}") = "R5T.L0035", "..\..\R5T.L0035\source\R5T.L0035\R5T.L0035.csproj", "{8A8A7F1F-B01B-4C01-82B5-F8CA80579DC7}"
EndProject
Project("{9A19103F-16F7-4668-BE54-9A1E7A4F7556}") = "R5T.T0131", "..\..\R5T.T0131\source\R5T.T0131\R5T.T0131.csproj", "{974F6896-5C3C-4837-BF51-D3C9B33870E5}"
EndProject
Project("{9A19103F-16F7-4668-BE54-9A1E7A4F7556}") = "R5T.T0132", "..\..\R5T.T0132\source\R5T.T0132\R5T.T0132.csproj", "{AA81DEC0-877D-4702-B459-F5E5D3F518DD}"
EndProject
Project("{9A19103F-16F7-4668-BE54-9A1E7A4F7556}") = "R5T.T0142", "..\..\R5T.T0142\source\R5T.T0142\R5T.T0142.csproj", "{814C3DFC-5623-40FE-BFEF-0AC0BE5F3D92}"
EndProject
Project("{9A19103F-16F7-4668-BE54-9A1E7A4F7556}") = "R5T.T0143", "..\..\R5T.T0143\source\R5T.T0143\R5T.T0143.csproj", "{F66EFB00-E727-4916-AC17-4BF34CF5F248}"
EndProject
Project("{9A19103F-16F7-4668-BE54-9A1E7A4F7556}") = "R5T.T0156", "..\..\R5T.T0156\source\R5T.T0156\R5T.T0156.csproj", "{B39C0C61-0EDF-447D-87BF-6D83166361BC}"
EndProject
Project("{9A19103F-16F7-4668-BE54-9A1E7A4F7556}") = "R5T.T0174", "..\..\R5T.T0174\source\R5T.T0174\R5T.T0174.csproj", "{E1CD81A3-500B-4F51-B28D-FA0BA79DD7A5}"
EndProject
Project("{9A19103F-16F7-4668-BE54-9A1E7A4F7556}") = "R5T.T0176", "..\..\R5T.T0176\source\R5T.T0176\R5T.T0176.csproj", "{8724E3A6-6C4A-4FA9-8712-BD9A6564BE85}"
EndProject
Project("{9A19103F-16F7-4668-BE54-9A1E7A4F7556}") = "R5T.T0177", "..\..\R5T.T0177\source\R5T.T0177\R5T.T0177.csproj", "{37A0F945-D7FE-47F0-BCE6-376DEC353BF9}"
EndProject
Project("{9A19103F-16F7-4668-BE54-9A1E7A4F7556}") = "R5T.T0178", "..\..\R5T.T0178\source\R5T.T0178\R5T.T0178.csproj", "{46452388-D0BB-4F88-8105-C970F10D2DE1}"
EndProject
Project("{9A19103F-16F7-4668-BE54-9A1E7A4F7556}") = "R5T.T0179", "..\..\R5T.T0179\source\R5T.T0179\R5T.T0179.csproj", "{3A95E238-E016-4297-A8F8-589878D9ED3A}"
EndProject
Project("{9A19103F-16F7-4668-BE54-9A1E7A4F7556}") = "R5T.T0180", "..\..\R5T.T0180\source\R5T.T0180\R5T.T0180.csproj", "{DC314681-4A2E-45A9-9E13-5AB9A49DB36D}"
EndProject
Project("{9A19103F-16F7-4668-BE54-9A1E7A4F7556}") = "R5T.T0181", "..\..\R5T.T0181\source\R5T.T0181\R5T.T0181.csproj", "{BACA0568-DBF6-4A65-9A93-98BE660E4807}"
EndProject
Project("{9A19103F-16F7-4668-BE54-9A1E7A4F7556}") = "R5T.T0185", "..\..\R5T.T0185\source\R5T.T0185\R5T.T0185.csproj", "{0C5ECA06-FEE2-46F7-92D9-EBE868A711B7}"
EndProject
Project("{9A19103F-16F7-4668-BE54-9A1E7A4F7556}") = "R5T.T0203", "..\..\R5T.T0203\source\R5T.T0203\R5T.T0203.csproj", "{F9529BAD-C8E1-4291-9E3F-C073BA3E19C4}"
EndProject
Project("{9A19103F-16F7-4668-BE54-9A1E7A4F7556}") = "R5T.Y0000", "..\..\R5T.Y0000\source\R5T.Y0000\R5T.Y0000.csproj", "{243E3A91-7CD9-4459-8EA0-F9909816A2FF}"
EndProject
Project("{9A19103F-16F7-4668-BE54-9A1E7A4F7556}") = "R5T.Z0000", "..\..\R5T.Z0000\source\R5T.Z0000\R5T.Z0000.csproj", "{933E90AE-910F-45A9-B8EC-B3B95F6950DA}"
EndProject
Project("{9A19103F-16F7-4668-BE54-9A1E7A4F7556}") = "R5T.NG0019", "..\..\R5T.NG0019\source\R5T.NG0019\R5T.NG0019.csproj", "{F73ECA1F-29E8-488E-A118-2225F9AB3735}"
EndProject
Project("{9A19103F-16F7-4668-BE54-9A1E7A4F7556}") = "R5T.F0135", "..\..\R5T.F0135\source\R5T.F0135\R5T.F0135.csproj", "{6219CE75-A4C2-447E-B227-64CE9B7FA0E0}"
EndProject
Project("{9A19103F-16F7-4668-BE54-9A1E7A4F7556}") = "R5T.F0136", "..\..\R5T.F0136\source\R5T.F0136\R5T.F0136.csproj", "{3FCF6967-61AB-4F2B-A71C-349A4C719EF8}"
EndProject
Project("{9A19103F-16F7-4668-BE54-9A1E7A4F7556}") = "R5T.NG0020", "..\..\R5T.NG0020\source\R5T.NG0020\R5T.NG0020.csproj", "{C67F2BA9-6BCF-4C83-AAB5-2723B7605BDE}"
EndProject
Project("{9A19103F-16F7-4668-BE54-9A1E7A4F7556}") = "R5T.NG0021", "..\..\R5T.NG0021\source\R5T.NG0021\R5T.NG0021.csproj", "{86A069A8-1D66-433B-8646-D51BB5977C06}"
EndProject
Project("{9A19103F-16F7-4668-BE54-9A1E7A4F7556}") = "R5T.T0150", "..\..\R5T.T0150\source\R5T.T0150\R5T.T0150.csproj", "{8B1C0FFF-429E-4BA0-8658-F068CED74F46}"
EndProject
Project("{9A19103F-16F7-4668-BE54-9A1E7A4F7556}") = "R5T.T0151", "..\..\R5T.T0151\source\R5T.T0151\R5T.T0151.csproj", "{39B0AFBD-37DE-431D-903B-F265248EF54D}"
EndProject
Project("{9A19103F-16F7-4668-BE54-9A1E7A4F7556}") = "R5T.T0172", "..\..\R5T.T0172\source\R5T.T0172\R5T.T0172.csproj", "{20496D67-8B46-43C9-BB67-666F612E11C5}"
EndProject
Global
	GlobalSection(NestedProjects) = preSolution
		{AA2A09D6-1710-4531-A1DA-C11471DEBCF7} = {DCC4FB02-96F5-4184-BEF4-CCF3FA636010}
		{37B6AF8F-CC20-4329-AA8C-243C32F456E4} = {DCC4FB02-96F5-4184-BEF4-CCF3FA636010}
		{3ABB55BF-A104-4125-9332-D5FA8D523E94} = {DCC4FB02-96F5-4184-BEF4-CCF3FA636010}
		{2FA0B786-81D1-4CD6-8A3B-5DA4AAD98B85} = {DCC4FB02-96F5-4184-BEF4-CCF3FA636010}
		{2F27FE25-3DB4-4A6A-9168-92C12A58E34A} = {DCC4FB02-96F5-4184-BEF4-CCF3FA636010}
		{68BDF804-ACB5-4230-ADB3-0AECE7F62EE8} = {DCC4FB02-96F5-4184-BEF4-CCF3FA636010}
		{D01AD928-39E9-44D0-A0C3-B3CC6ADC277A} = {DCC4FB02-96F5-4184-BEF4-CCF3FA636010}
		{279C92A9-C830-429C-B9DA-A76F15F5AD93} = {DCC4FB02-96F5-4184-BEF4-CCF3FA636010}
		{8A8A7F1F-B01B-4C01-82B5-F8CA80579DC7} = {DCC4FB02-96F5-4184-BEF4-CCF3FA636010}
		{974F6896-5C3C-4837-BF51-D3C9B33870E5} = {DCC4FB02-96F5-4184-BEF4-CCF3FA636010}
		{AA81DEC0-877D-4702-B459-F5E5D3F518DD} = {DCC4FB02-96F5-4184-BEF4-CCF3FA636010}
		{814C3DFC-5623-40FE-BFEF-0AC0BE5F3D92} = {DCC4FB02-96F5-4184-BEF4-CCF3FA636010}
		{F66EFB00-E727-4916-AC17-4BF34CF5F248} = {DCC4FB02-96F5-4184-BEF4-CCF3FA636010}
		{B39C0C61-0EDF-447D-87BF-6D83166361BC} = {DCC4FB02-96F5-4184-BEF4-CCF3FA636010}
		{E1CD81A3-500B-4F51-B28D-FA0BA79DD7A5} = {DCC4FB02-96F5-4184-BEF4-CCF3FA636010}
		{8724E3A6-6C4A-4FA9-8712-BD9A6564BE85} = {DCC4FB02-96F5-4184-BEF4-CCF3FA636010}
		{37A0F945-D7FE-47F0-BCE6-376DEC353BF9} = {DCC4FB02-96F5-4184-BEF4-CCF3FA636010}
		{46452388-D0BB-4F88-8105-C970F10D2DE1} = {DCC4FB02-96F5-4184-BEF4-CCF3FA636010}
		{3A95E238-E016-4297-A8F8-589878D9ED3A} = {DCC4FB02-96F5-4184-BEF4-CCF3FA636010}
		{DC314681-4A2E-45A9-9E13-5AB9A49DB36D} = {DCC4FB02-96F5-4184-BEF4-CCF3FA636010}
		{BACA0568-DBF6-4A65-9A93-98BE660E4807} = {DCC4FB02-96F5-4184-BEF4-CCF3FA636010}
		{0C5ECA06-FEE2-46F7-92D9-EBE868A711B7} = {DCC4FB02-96F5-4184-BEF4-CCF3FA636010}
		{F9529BAD-C8E1-4291-9E3F-C073BA3E19C4} = {DCC4FB02-96F5-4184-BEF4-CCF3FA636010}
		{243E3A91-7CD9-4459-8EA0-F9909816A2FF} = {DCC4FB02-96F5-4184-BEF4-CCF3FA636010}
		{933E90AE-910F-45A9-B8EC-B3B95F6950DA} = {DCC4FB02-96F5-4184-BEF4-CCF3FA636010}
		{F73ECA1F-29E8-488E-A118-2225F9AB3735} = {DCC4FB02-96F5-4184-BEF4-CCF3FA636010}
		{6219CE75-A4C2-447E-B227-64CE9B7FA0E0} = {DCC4FB02-96F5-4184-BEF4-CCF3FA636010}
		{3FCF6967-61AB-4F2B-A71C-349A4C719EF8} = {DCC4FB02-96F5-4184-BEF4-CCF3FA636010}
		{C67F2BA9-6BCF-4C83-AAB5-2723B7605BDE} = {DCC4FB02-96F5-4184-BEF4-CCF3FA636010}
		{86A069A8-1D66-433B-8646-D51BB5977C06} = {DCC4FB02-96F5-4184-BEF4-CCF3FA636010}
		{8B1C0FFF-429E-4BA0-8658-F068CED74F46} = {DCC4FB02-96F5-4184-BEF4-CCF3FA636010}
		{39B0AFBD-37DE-431D-903B-F265248EF54D} = {DCC4FB02-96F5-4184-BEF4-CCF3FA636010}
		{20496D67-8B46-43C9-BB67-666F612E11C5} = {DCC4FB02-96F5-4184-BEF4-CCF3FA636010}
	EndGlobalSection
	GlobalSection(SolutionConfigurationPlatforms) = preSolution
		Debug|Any CPU = Debug|Any CPU
		Release|Any CPU = Release|Any CPU
	EndGlobalSection
	GlobalSection(ProjectConfigurationPlatforms) = postSolution
		{459B080B-3100-434A-8E17-1F1E4888F616}.Debug|Any CPU.ActiveCfg = Debug|Any CPU
		{459B080B-3100-434A-8E17-1F1E4888F616}.Debug|Any CPU.Build.0 = Debug|Any CPU
		{459B080B-3100-434A-8E17-1F1E4888F616}.Release|Any CPU.ActiveCfg = Release|Any CPU
		{459B080B-3100-434A-8E17-1F1E4888F616}.Release|Any CPU.Build.0 = Release|Any CPU
		{AA2A09D6-1710-4531-A1DA-C11471DEBCF7}.Debug|Any CPU.ActiveCfg = Debug|Any CPU
		{AA2A09D6-1710-4531-A1DA-C11471DEBCF7}.Debug|Any CPU.Build.0 = Debug|Any CPU
		{AA2A09D6-1710-4531-A1DA-C11471DEBCF7}.Release|Any CPU.ActiveCfg = Release|Any CPU
		{AA2A09D6-1710-4531-A1DA-C11471DEBCF7}.Release|Any CPU.Build.0 = Release|Any CPU
		{37B6AF8F-CC20-4329-AA8C-243C32F456E4}.Debug|Any CPU.ActiveCfg = Debug|Any CPU
		{37B6AF8F-CC20-4329-AA8C-243C32F456E4}.Debug|Any CPU.Build.0 = Debug|Any CPU
		{37B6AF8F-CC20-4329-AA8C-243C32F456E4}.Release|Any CPU.ActiveCfg = Release|Any CPU
		{37B6AF8F-CC20-4329-AA8C-243C32F456E4}.Release|Any CPU.Build.0 = Release|Any CPU
		{3ABB55BF-A104-4125-9332-D5FA8D523E94}.Debug|Any CPU.ActiveCfg = Debug|Any CPU
		{3ABB55BF-A104-4125-9332-D5FA8D523E94}.Debug|Any CPU.Build.0 = Debug|Any CPU
		{3ABB55BF-A104-4125-9332-D5FA8D523E94}.Release|Any CPU.ActiveCfg = Release|Any CPU
		{3ABB55BF-A104-4125-9332-D5FA8D523E94}.Release|Any CPU.Build.0 = Release|Any CPU
		{2FA0B786-81D1-4CD6-8A3B-5DA4AAD98B85}.Debug|Any CPU.ActiveCfg = Debug|Any CPU
		{2FA0B786-81D1-4CD6-8A3B-5DA4AAD98B85}.Debug|Any CPU.Build.0 = Debug|Any CPU
		{2FA0B786-81D1-4CD6-8A3B-5DA4AAD98B85}.Release|Any CPU.ActiveCfg = Release|Any CPU
		{2FA0B786-81D1-4CD6-8A3B-5DA4AAD98B85}.Release|Any CPU.Build.0 = Release|Any CPU
		{2F27FE25-3DB4-4A6A-9168-92C12A58E34A}.Debug|Any CPU.ActiveCfg = Debug|Any CPU
		{2F27FE25-3DB4-4A6A-9168-92C12A58E34A}.Debug|Any CPU.Build.0 = Debug|Any CPU
		{2F27FE25-3DB4-4A6A-9168-92C12A58E34A}.Release|Any CPU.ActiveCfg = Release|Any CPU
		{2F27FE25-3DB4-4A6A-9168-92C12A58E34A}.Release|Any CPU.Build.0 = Release|Any CPU
		{68BDF804-ACB5-4230-ADB3-0AECE7F62EE8}.Debug|Any CPU.ActiveCfg = Debug|Any CPU
		{68BDF804-ACB5-4230-ADB3-0AECE7F62EE8}.Debug|Any CPU.Build.0 = Debug|Any CPU
		{68BDF804-ACB5-4230-ADB3-0AECE7F62EE8}.Release|Any CPU.ActiveCfg = Release|Any CPU
		{68BDF804-ACB5-4230-ADB3-0AECE7F62EE8}.Release|Any CPU.Build.0 = Release|Any CPU
		{D01AD928-39E9-44D0-A0C3-B3CC6ADC277A}.Debug|Any CPU.ActiveCfg = Debug|Any CPU
		{D01AD928-39E9-44D0-A0C3-B3CC6ADC277A}.Debug|Any CPU.Build.0 = Debug|Any CPU
		{D01AD928-39E9-44D0-A0C3-B3CC6ADC277A}.Release|Any CPU.ActiveCfg = Release|Any CPU
		{D01AD928-39E9-44D0-A0C3-B3CC6ADC277A}.Release|Any CPU.Build.0 = Release|Any CPU
		{279C92A9-C830-429C-B9DA-A76F15F5AD93}.Debug|Any CPU.ActiveCfg = Debug|Any CPU
		{279C92A9-C830-429C-B9DA-A76F15F5AD93}.Debug|Any CPU.Build.0 = Debug|Any CPU
		{279C92A9-C830-429C-B9DA-A76F15F5AD93}.Release|Any CPU.ActiveCfg = Release|Any CPU
		{279C92A9-C830-429C-B9DA-A76F15F5AD93}.Release|Any CPU.Build.0 = Release|Any CPU
		{8A8A7F1F-B01B-4C01-82B5-F8CA80579DC7}.Debug|Any CPU.ActiveCfg = Debug|Any CPU
		{8A8A7F1F-B01B-4C01-82B5-F8CA80579DC7}.Debug|Any CPU.Build.0 = Debug|Any CPU
		{8A8A7F1F-B01B-4C01-82B5-F8CA80579DC7}.Release|Any CPU.ActiveCfg = Release|Any CPU
		{8A8A7F1F-B01B-4C01-82B5-F8CA80579DC7}.Release|Any CPU.Build.0 = Release|Any CPU
		{974F6896-5C3C-4837-BF51-D3C9B33870E5}.Debug|Any CPU.ActiveCfg = Debug|Any CPU
		{974F6896-5C3C-4837-BF51-D3C9B33870E5}.Debug|Any CPU.Build.0 = Debug|Any CPU
		{974F6896-5C3C-4837-BF51-D3C9B33870E5}.Release|Any CPU.ActiveCfg = Release|Any CPU
		{974F6896-5C3C-4837-BF51-D3C9B33870E5}.Release|Any CPU.Build.0 = Release|Any CPU
		{AA81DEC0-877D-4702-B459-F5E5D3F518DD}.Debug|Any CPU.ActiveCfg = Debug|Any CPU
		{AA81DEC0-877D-4702-B459-F5E5D3F518DD}.Debug|Any CPU.Build.0 = Debug|Any CPU
		{AA81DEC0-877D-4702-B459-F5E5D3F518DD}.Release|Any CPU.ActiveCfg = Release|Any CPU
		{AA81DEC0-877D-4702-B459-F5E5D3F518DD}.Release|Any CPU.Build.0 = Release|Any CPU
		{814C3DFC-5623-40FE-BFEF-0AC0BE5F3D92}.Debug|Any CPU.ActiveCfg = Debug|Any CPU
		{814C3DFC-5623-40FE-BFEF-0AC0BE5F3D92}.Debug|Any CPU.Build.0 = Debug|Any CPU
		{814C3DFC-5623-40FE-BFEF-0AC0BE5F3D92}.Release|Any CPU.ActiveCfg = Release|Any CPU
		{814C3DFC-5623-40FE-BFEF-0AC0BE5F3D92}.Release|Any CPU.Build.0 = Release|Any CPU
		{F66EFB00-E727-4916-AC17-4BF34CF5F248}.Debug|Any CPU.ActiveCfg = Debug|Any CPU
		{F66EFB00-E727-4916-AC17-4BF34CF5F248}.Debug|Any CPU.Build.0 = Debug|Any CPU
		{F66EFB00-E727-4916-AC17-4BF34CF5F248}.Release|Any CPU.ActiveCfg = Release|Any CPU
		{F66EFB00-E727-4916-AC17-4BF34CF5F248}.Release|Any CPU.Build.0 = Release|Any CPU
		{B39C0C61-0EDF-447D-87BF-6D83166361BC}.Debug|Any CPU.ActiveCfg = Debug|Any CPU
		{B39C0C61-0EDF-447D-87BF-6D83166361BC}.Debug|Any CPU.Build.0 = Debug|Any CPU
		{B39C0C61-0EDF-447D-87BF-6D83166361BC}.Release|Any CPU.ActiveCfg = Release|Any CPU
		{B39C0C61-0EDF-447D-87BF-6D83166361BC}.Release|Any CPU.Build.0 = Release|Any CPU
		{E1CD81A3-500B-4F51-B28D-FA0BA79DD7A5}.Debug|Any CPU.ActiveCfg = Debug|Any CPU
		{E1CD81A3-500B-4F51-B28D-FA0BA79DD7A5}.Debug|Any CPU.Build.0 = Debug|Any CPU
		{E1CD81A3-500B-4F51-B28D-FA0BA79DD7A5}.Release|Any CPU.ActiveCfg = Release|Any CPU
		{E1CD81A3-500B-4F51-B28D-FA0BA79DD7A5}.Release|Any CPU.Build.0 = Release|Any CPU
		{8724E3A6-6C4A-4FA9-8712-BD9A6564BE85}.Debug|Any CPU.ActiveCfg = Debug|Any CPU
		{8724E3A6-6C4A-4FA9-8712-BD9A6564BE85}.Debug|Any CPU.Build.0 = Debug|Any CPU
		{8724E3A6-6C4A-4FA9-8712-BD9A6564BE85}.Release|Any CPU.ActiveCfg = Release|Any CPU
		{8724E3A6-6C4A-4FA9-8712-BD9A6564BE85}.Release|Any CPU.Build.0 = Release|Any CPU
		{37A0F945-D7FE-47F0-BCE6-376DEC353BF9}.Debug|Any CPU.ActiveCfg = Debug|Any CPU
		{37A0F945-D7FE-47F0-BCE6-376DEC353BF9}.Debug|Any CPU.Build.0 = Debug|Any CPU
		{37A0F945-D7FE-47F0-BCE6-376DEC353BF9}.Release|Any CPU.ActiveCfg = Release|Any CPU
		{37A0F945-D7FE-47F0-BCE6-376DEC353BF9}.Release|Any CPU.Build.0 = Release|Any CPU
		{46452388-D0BB-4F88-8105-C970F10D2DE1}.Debug|Any CPU.ActiveCfg = Debug|Any CPU
		{46452388-D0BB-4F88-8105-C970F10D2DE1}.Debug|Any CPU.Build.0 = Debug|Any CPU
		{46452388-D0BB-4F88-8105-C970F10D2DE1}.Release|Any CPU.ActiveCfg = Release|Any CPU
		{46452388-D0BB-4F88-8105-C970F10D2DE1}.Release|Any CPU.Build.0 = Release|Any CPU
		{3A95E238-E016-4297-A8F8-589878D9ED3A}.Debug|Any CPU.ActiveCfg = Debug|Any CPU
		{3A95E238-E016-4297-A8F8-589878D9ED3A}.Debug|Any CPU.Build.0 = Debug|Any CPU
		{3A95E238-E016-4297-A8F8-589878D9ED3A}.Release|Any CPU.ActiveCfg = Release|Any CPU
		{3A95E238-E016-4297-A8F8-589878D9ED3A}.Release|Any CPU.Build.0 = Release|Any CPU
		{DC314681-4A2E-45A9-9E13-5AB9A49DB36D}.Debug|Any CPU.ActiveCfg = Debug|Any CPU
		{DC314681-4A2E-45A9-9E13-5AB9A49DB36D}.Debug|Any CPU.Build.0 = Debug|Any CPU
		{DC314681-4A2E-45A9-9E13-5AB9A49DB36D}.Release|Any CPU.ActiveCfg = Release|Any CPU
		{DC314681-4A2E-45A9-9E13-5AB9A49DB36D}.Release|Any CPU.Build.0 = Release|Any CPU
		{BACA0568-DBF6-4A65-9A93-98BE660E4807}.Debug|Any CPU.ActiveCfg = Debug|Any CPU
		{BACA0568-DBF6-4A65-9A93-98BE660E4807}.Debug|Any CPU.Build.0 = Debug|Any CPU
		{BACA0568-DBF6-4A65-9A93-98BE660E4807}.Release|Any CPU.ActiveCfg = Release|Any CPU
		{BACA0568-DBF6-4A65-9A93-98BE660E4807}.Release|Any CPU.Build.0 = Release|Any CPU
		{0C5ECA06-FEE2-46F7-92D9-EBE868A711B7}.Debug|Any CPU.ActiveCfg = Debug|Any CPU
		{0C5ECA06-FEE2-46F7-92D9-EBE868A711B7}.Debug|Any CPU.Build.0 = Debug|Any CPU
		{0C5ECA06-FEE2-46F7-92D9-EBE868A711B7}.Release|Any CPU.ActiveCfg = Release|Any CPU
		{0C5ECA06-FEE2-46F7-92D9-EBE868A711B7}.Release|Any CPU.Build.0 = Release|Any CPU
		{F9529BAD-C8E1-4291-9E3F-C073BA3E19C4}.Debug|Any CPU.ActiveCfg = Debug|Any CPU
		{F9529BAD-C8E1-4291-9E3F-C073BA3E19C4}.Debug|Any CPU.Build.0 = Debug|Any CPU
		{F9529BAD-C8E1-4291-9E3F-C073BA3E19C4}.Release|Any CPU.ActiveCfg = Release|Any CPU
		{F9529BAD-C8E1-4291-9E3F-C073BA3E19C4}.Release|Any CPU.Build.0 = Release|Any CPU
		{243E3A91-7CD9-4459-8EA0-F9909816A2FF}.Debug|Any CPU.ActiveCfg = Debug|Any CPU
		{243E3A91-7CD9-4459-8EA0-F9909816A2FF}.Debug|Any CPU.Build.0 = Debug|Any CPU
		{243E3A91-7CD9-4459-8EA0-F9909816A2FF}.Release|Any CPU.ActiveCfg = Release|Any CPU
		{243E3A91-7CD9-4459-8EA0-F9909816A2FF}.Release|Any CPU.Build.0 = Release|Any CPU
		{933E90AE-910F-45A9-B8EC-B3B95F6950DA}.Debug|Any CPU.ActiveCfg = Debug|Any CPU
		{933E90AE-910F-45A9-B8EC-B3B95F6950DA}.Debug|Any CPU.Build.0 = Debug|Any CPU
		{933E90AE-910F-45A9-B8EC-B3B95F6950DA}.Release|Any CPU.ActiveCfg = Release|Any CPU
		{933E90AE-910F-45A9-B8EC-B3B95F6950DA}.Release|Any CPU.Build.0 = Release|Any CPU
		{F73ECA1F-29E8-488E-A118-2225F9AB3735}.Debug|Any CPU.ActiveCfg = Debug|Any CPU
		{F73ECA1F-29E8-488E-A118-2225F9AB3735}.Debug|Any CPU.Build.0 = Debug|Any CPU
		{F73ECA1F-29E8-488E-A118-2225F9AB3735}.Release|Any CPU.ActiveCfg = Release|Any CPU
		{F73ECA1F-29E8-488E-A118-2225F9AB3735}.Release|Any CPU.Build.0 = Release|Any CPU
		{6219CE75-A4C2-447E-B227-64CE9B7FA0E0}.Debug|Any CPU.ActiveCfg = Debug|Any CPU
		{6219CE75-A4C2-447E-B227-64CE9B7FA0E0}.Debug|Any CPU.Build.0 = Debug|Any CPU
		{6219CE75-A4C2-447E-B227-64CE9B7FA0E0}.Release|Any CPU.ActiveCfg = Release|Any CPU
		{6219CE75-A4C2-447E-B227-64CE9B7FA0E0}.Release|Any CPU.Build.0 = Release|Any CPU
		{3FCF6967-61AB-4F2B-A71C-349A4C719EF8}.Debug|Any CPU.ActiveCfg = Debug|Any CPU
		{3FCF6967-61AB-4F2B-A71C-349A4C719EF8}.Debug|Any CPU.Build.0 = Debug|Any CPU
		{3FCF6967-61AB-4F2B-A71C-349A4C719EF8}.Release|Any CPU.ActiveCfg = Release|Any CPU
		{3FCF6967-61AB-4F2B-A71C-349A4C719EF8}.Release|Any CPU.Build.0 = Release|Any CPU
		{C67F2BA9-6BCF-4C83-AAB5-2723B7605BDE}.Debug|Any CPU.ActiveCfg = Debug|Any CPU
		{C67F2BA9-6BCF-4C83-AAB5-2723B7605BDE}.Debug|Any CPU.Build.0 = Debug|Any CPU
		{C67F2BA9-6BCF-4C83-AAB5-2723B7605BDE}.Release|Any CPU.ActiveCfg = Release|Any CPU
		{C67F2BA9-6BCF-4C83-AAB5-2723B7605BDE}.Release|Any CPU.Build.0 = Release|Any CPU
		{86A069A8-1D66-433B-8646-D51BB5977C06}.Debug|Any CPU.ActiveCfg = Debug|Any CPU
		{86A069A8-1D66-433B-8646-D51BB5977C06}.Debug|Any CPU.Build.0 = Debug|Any CPU
		{86A069A8-1D66-433B-8646-D51BB5977C06}.Release|Any CPU.ActiveCfg = Release|Any CPU
		{86A069A8-1D66-433B-8646-D51BB5977C06}.Release|Any CPU.Build.0 = Release|Any CPU
		{8B1C0FFF-429E-4BA0-8658-F068CED74F46}.Debug|Any CPU.ActiveCfg = Debug|Any CPU
		{8B1C0FFF-429E-4BA0-8658-F068CED74F46}.Debug|Any CPU.Build.0 = Debug|Any CPU
		{8B1C0FFF-429E-4BA0-8658-F068CED74F46}.Release|Any CPU.ActiveCfg = Release|Any CPU
		{8B1C0FFF-429E-4BA0-8658-F068CED74F46}.Release|Any CPU.Build.0 = Release|Any CPU
		{39B0AFBD-37DE-431D-903B-F265248EF54D}.Debug|Any CPU.ActiveCfg = Debug|Any CPU
		{39B0AFBD-37DE-431D-903B-F265248EF54D}.Debug|Any CPU.Build.0 = Debug|Any CPU
		{39B0AFBD-37DE-431D-903B-F265248EF54D}.Release|Any CPU.ActiveCfg = Release|Any CPU
		{39B0AFBD-37DE-431D-903B-F265248EF54D}.Release|Any CPU.Build.0 = Release|Any CPU
		{20496D67-8B46-43C9-BB67-666F612E11C5}.Debug|Any CPU.ActiveCfg = Debug|Any CPU
		{20496D67-8B46-43C9-BB67-666F612E11C5}.Debug|Any CPU.Build.0 = Debug|Any CPU
		{20496D67-8B46-43C9-BB67-666F612E11C5}.Release|Any CPU.ActiveCfg = Release|Any CPU
		{20496D67-8B46-43C9-BB67-666F612E11C5}.Release|Any CPU.Build.0 = Release|Any CPU
	EndGlobalSection
	GlobalSection(SolutionProperties) = preSolution
		HideSolutionNode = FALSE
	EndGlobalSection
	GlobalSection(ExtensibilityGlobals) = postSolution
		SolutionGuid = {BF1B7BB1-3A6D-4E0E-9AA3-B2BD9FACC7E4}
	EndGlobalSection
EndGlobal
