
Microsoft Visual Studio Solution File, Format Version 12.00
# Visual Studio Version 17
VisualStudioVersion = 17.2.32630.192
MinimumVisualStudioVersion = 10.0.40219.1
Project("{9A19103F-16F7-4668-BE54-9A1E7A4F7556}") = "R5T.F0137.Construction", "R5T.F0137.Construction\R5T.F0137.Construction.csproj", "{09F1DD5D-CC68-41CB-BA2C-186CFB727CA9}"
EndProject
Project("{9A19103F-16F7-4668-BE54-9A1E7A4F7556}") = "R5T.F0137", "R5T.F0137\R5T.F0137.csproj", "{F5A3984F-4FA3-489F-9A1B-786D3E26FF19}"
EndProject
Project("{2150E333-8FDC-42A3-9474-1A3956D46DE8}") = "_Dependencies", "_Dependencies", "{440A7B79-A725-4ADF-BC61-61E8DF05F246}"
EndProject
Project("{9A19103F-16F7-4668-BE54-9A1E7A4F7556}") = "R5T.F0000", "..\..\R5T.F0000\source\R5T.F0000\R5T.F0000.csproj", "{9BFC0F17-17B7-4325-A599-41DDBEE5BB6B}"
EndProject
Project("{9A19103F-16F7-4668-BE54-9A1E7A4F7556}") = "R5T.F0002", "..\..\R5T.F0002\source\R5T.F0002\R5T.F0002.csproj", "{817B8CA2-0E07-462D-90B2-BBE581982535}"
EndProject
Project("{9A19103F-16F7-4668-BE54-9A1E7A4F7556}") = "R5T.F0120", "..\..\R5T.F0120\source\R5T.F0120\R5T.F0120.csproj", "{48D3CD8D-DE10-4943-BCF6-F238E91BB167}"
EndProject
Project("{9A19103F-16F7-4668-BE54-9A1E7A4F7556}") = "R5T.F0124", "..\..\R5T.F0124\source\R5T.F0124\R5T.F0124.csproj", "{B934F60D-4818-4ADF-9290-E6AAE8C8B3AF}"
EndProject
Project("{9A19103F-16F7-4668-BE54-9A1E7A4F7556}") = "R5T.F0125", "..\..\R5T.F0125\source\R5T.F0125\R5T.F0125.csproj", "{F0DD078B-604D-4495-BA57-7F71E58AB476}"
EndProject
Project("{9A19103F-16F7-4668-BE54-9A1E7A4F7556}") = "R5T.L0030.T000", "..\..\R5T.L0030\source\R5T.L0030.T000\R5T.L0030.T000.csproj", "{60A23EA0-443C-402F-B85F-492CE7A90337}"
EndProject
Project("{9A19103F-16F7-4668-BE54-9A1E7A4F7556}") = "R5T.L0030", "..\..\R5T.L0030\source\R5T.L0030\R5T.L0030.csproj", "{C03230E4-09C3-4630-A809-22E60957BFAA}"
EndProject
Project("{9A19103F-16F7-4668-BE54-9A1E7A4F7556}") = "R5T.L0034", "..\..\R5T.L0034\source\R5T.L0034\R5T.L0034.csproj", "{C6EBFF64-154B-4EB0-8574-9D09FDCB85F9}"
EndProject
Project("{9A19103F-16F7-4668-BE54-9A1E7A4F7556}") = "R5T.L0035", "..\..\R5T.L0035\source\R5T.L0035\R5T.L0035.csproj", "{0F9128C9-3840-4DB3-9276-4D61A77D8C3B}"
EndProject
Project("{9A19103F-16F7-4668-BE54-9A1E7A4F7556}") = "R5T.T0131", "..\..\R5T.T0131\source\R5T.T0131\R5T.T0131.csproj", "{DED4E978-AC9F-485D-B8C8-AB2CC1463016}"
EndProject
Project("{9A19103F-16F7-4668-BE54-9A1E7A4F7556}") = "R5T.T0132", "..\..\R5T.T0132\source\R5T.T0132\R5T.T0132.csproj", "{18D9E240-4669-4719-ACF9-DC1725AF47EB}"
EndProject
Project("{9A19103F-16F7-4668-BE54-9A1E7A4F7556}") = "R5T.T0142", "..\..\R5T.T0142\source\R5T.T0142\R5T.T0142.csproj", "{98EAE625-5773-42FF-8EEA-399F879DA489}"
EndProject
Project("{9A19103F-16F7-4668-BE54-9A1E7A4F7556}") = "R5T.T0143", "..\..\R5T.T0143\source\R5T.T0143\R5T.T0143.csproj", "{9BF34680-53AC-48AB-A894-509BB6099139}"
EndProject
Project("{9A19103F-16F7-4668-BE54-9A1E7A4F7556}") = "R5T.T0156", "..\..\R5T.T0156\source\R5T.T0156\R5T.T0156.csproj", "{59FC2E98-1BF2-457C-834B-511E32D265E1}"
EndProject
Project("{9A19103F-16F7-4668-BE54-9A1E7A4F7556}") = "R5T.T0174", "..\..\R5T.T0174\source\R5T.T0174\R5T.T0174.csproj", "{345D9FC4-E93A-40CD-96B7-E32F4DA7A429}"
EndProject
Project("{9A19103F-16F7-4668-BE54-9A1E7A4F7556}") = "R5T.T0176", "..\..\R5T.T0176\source\R5T.T0176\R5T.T0176.csproj", "{517CB29D-6AA0-462E-8571-EDDB54250ED2}"
EndProject
Project("{9A19103F-16F7-4668-BE54-9A1E7A4F7556}") = "R5T.T0177", "..\..\R5T.T0177\source\R5T.T0177\R5T.T0177.csproj", "{4055BA38-BBC5-4373-9565-606A3DE8D2F6}"
EndProject
Project("{9A19103F-16F7-4668-BE54-9A1E7A4F7556}") = "R5T.T0178", "..\..\R5T.T0178\source\R5T.T0178\R5T.T0178.csproj", "{FFD977E7-4FF1-41BB-8900-BF2D1D895492}"
EndProject
Project("{9A19103F-16F7-4668-BE54-9A1E7A4F7556}") = "R5T.T0179", "..\..\R5T.T0179\source\R5T.T0179\R5T.T0179.csproj", "{CD5128A4-2F71-4736-BE56-928C3A670C65}"
EndProject
Project("{9A19103F-16F7-4668-BE54-9A1E7A4F7556}") = "R5T.T0180", "..\..\R5T.T0180\source\R5T.T0180\R5T.T0180.csproj", "{3C4E247A-3A00-4AA9-B1F1-17ADFBFE114D}"
EndProject
Project("{9A19103F-16F7-4668-BE54-9A1E7A4F7556}") = "R5T.T0181", "..\..\R5T.T0181\source\R5T.T0181\R5T.T0181.csproj", "{34419E41-680B-407F-BBFD-7330A1DEA731}"
EndProject
Project("{9A19103F-16F7-4668-BE54-9A1E7A4F7556}") = "R5T.T0185", "..\..\R5T.T0185\source\R5T.T0185\R5T.T0185.csproj", "{8EAD5BE7-D435-4638-9206-383119E48A81}"
EndProject
Project("{9A19103F-16F7-4668-BE54-9A1E7A4F7556}") = "R5T.T0203", "..\..\R5T.T0203\source\R5T.T0203\R5T.T0203.csproj", "{376BED61-FF8C-429E-A51B-6A287AA841BA}"
EndProject
Project("{9A19103F-16F7-4668-BE54-9A1E7A4F7556}") = "R5T.Y0000", "..\..\R5T.Y0000\source\R5T.Y0000\R5T.Y0000.csproj", "{9D5AE4B1-4A53-42D1-B472-C5E0986E2453}"
EndProject
Project("{9A19103F-16F7-4668-BE54-9A1E7A4F7556}") = "R5T.Z0000", "..\..\R5T.Z0000\source\R5T.Z0000\R5T.Z0000.csproj", "{F4FC821C-45FD-4F0E-A484-1FE5DA9E7E44}"
EndProject
Project("{9A19103F-16F7-4668-BE54-9A1E7A4F7556}") = "R5T.NG0019", "..\..\R5T.NG0019\source\R5T.NG0019\R5T.NG0019.csproj", "{D0225AD0-3EDB-4C56-BDEC-8179AD269C66}"
EndProject
Project("{9A19103F-16F7-4668-BE54-9A1E7A4F7556}") = "R5T.F0135", "..\..\R5T.F0135\source\R5T.F0135\R5T.F0135.csproj", "{2AE03142-F3E1-4EB0-ADAC-8C6DFC732273}"
EndProject
Project("{9A19103F-16F7-4668-BE54-9A1E7A4F7556}") = "R5T.F0136", "..\..\R5T.F0136\source\R5T.F0136\R5T.F0136.csproj", "{9D55A66C-98FE-42B7-ADE2-DF987FF5A28D}"
EndProject
Project("{9A19103F-16F7-4668-BE54-9A1E7A4F7556}") = "R5T.NG0020", "..\..\R5T.NG0020\source\R5T.NG0020\R5T.NG0020.csproj", "{CD1C45E9-F6C9-4B5E-AE27-272AC7EDBC99}"
EndProject
Project("{9A19103F-16F7-4668-BE54-9A1E7A4F7556}") = "R5T.NG0021", "..\..\R5T.NG0021\source\R5T.NG0021\R5T.NG0021.csproj", "{3BD3E248-B42C-4C76-AC74-861A95DC998F}"
EndProject
Project("{9A19103F-16F7-4668-BE54-9A1E7A4F7556}") = "R5T.T0150", "..\..\R5T.T0150\source\R5T.T0150\R5T.T0150.csproj", "{B76AA92D-D146-43E4-A6D0-D3276781FCDF}"
EndProject
Project("{9A19103F-16F7-4668-BE54-9A1E7A4F7556}") = "R5T.T0151", "..\..\R5T.T0151\source\R5T.T0151\R5T.T0151.csproj", "{07967A12-442B-4CB4-81AC-3FBCB8B7D675}"
EndProject
Project("{9A19103F-16F7-4668-BE54-9A1E7A4F7556}") = "R5T.T0172", "..\..\R5T.T0172\source\R5T.T0172\R5T.T0172.csproj", "{BA471A4D-A152-4277-A2CC-13A4C17182C2}"
EndProject
Global
	GlobalSection(NestedProjects) = preSolution
		{9BFC0F17-17B7-4325-A599-41DDBEE5BB6B} = {440A7B79-A725-4ADF-BC61-61E8DF05F246}
		{817B8CA2-0E07-462D-90B2-BBE581982535} = {440A7B79-A725-4ADF-BC61-61E8DF05F246}
		{48D3CD8D-DE10-4943-BCF6-F238E91BB167} = {440A7B79-A725-4ADF-BC61-61E8DF05F246}
		{B934F60D-4818-4ADF-9290-E6AAE8C8B3AF} = {440A7B79-A725-4ADF-BC61-61E8DF05F246}
		{F0DD078B-604D-4495-BA57-7F71E58AB476} = {440A7B79-A725-4ADF-BC61-61E8DF05F246}
		{60A23EA0-443C-402F-B85F-492CE7A90337} = {440A7B79-A725-4ADF-BC61-61E8DF05F246}
		{C03230E4-09C3-4630-A809-22E60957BFAA} = {440A7B79-A725-4ADF-BC61-61E8DF05F246}
		{C6EBFF64-154B-4EB0-8574-9D09FDCB85F9} = {440A7B79-A725-4ADF-BC61-61E8DF05F246}
		{0F9128C9-3840-4DB3-9276-4D61A77D8C3B} = {440A7B79-A725-4ADF-BC61-61E8DF05F246}
		{DED4E978-AC9F-485D-B8C8-AB2CC1463016} = {440A7B79-A725-4ADF-BC61-61E8DF05F246}
		{18D9E240-4669-4719-ACF9-DC1725AF47EB} = {440A7B79-A725-4ADF-BC61-61E8DF05F246}
		{98EAE625-5773-42FF-8EEA-399F879DA489} = {440A7B79-A725-4ADF-BC61-61E8DF05F246}
		{9BF34680-53AC-48AB-A894-509BB6099139} = {440A7B79-A725-4ADF-BC61-61E8DF05F246}
		{59FC2E98-1BF2-457C-834B-511E32D265E1} = {440A7B79-A725-4ADF-BC61-61E8DF05F246}
		{345D9FC4-E93A-40CD-96B7-E32F4DA7A429} = {440A7B79-A725-4ADF-BC61-61E8DF05F246}
		{517CB29D-6AA0-462E-8571-EDDB54250ED2} = {440A7B79-A725-4ADF-BC61-61E8DF05F246}
		{4055BA38-BBC5-4373-9565-606A3DE8D2F6} = {440A7B79-A725-4ADF-BC61-61E8DF05F246}
		{FFD977E7-4FF1-41BB-8900-BF2D1D895492} = {440A7B79-A725-4ADF-BC61-61E8DF05F246}
		{CD5128A4-2F71-4736-BE56-928C3A670C65} = {440A7B79-A725-4ADF-BC61-61E8DF05F246}
		{3C4E247A-3A00-4AA9-B1F1-17ADFBFE114D} = {440A7B79-A725-4ADF-BC61-61E8DF05F246}
		{34419E41-680B-407F-BBFD-7330A1DEA731} = {440A7B79-A725-4ADF-BC61-61E8DF05F246}
		{8EAD5BE7-D435-4638-9206-383119E48A81} = {440A7B79-A725-4ADF-BC61-61E8DF05F246}
		{376BED61-FF8C-429E-A51B-6A287AA841BA} = {440A7B79-A725-4ADF-BC61-61E8DF05F246}
		{9D5AE4B1-4A53-42D1-B472-C5E0986E2453} = {440A7B79-A725-4ADF-BC61-61E8DF05F246}
		{F4FC821C-45FD-4F0E-A484-1FE5DA9E7E44} = {440A7B79-A725-4ADF-BC61-61E8DF05F246}
		{D0225AD0-3EDB-4C56-BDEC-8179AD269C66} = {440A7B79-A725-4ADF-BC61-61E8DF05F246}
		{2AE03142-F3E1-4EB0-ADAC-8C6DFC732273} = {440A7B79-A725-4ADF-BC61-61E8DF05F246}
		{9D55A66C-98FE-42B7-ADE2-DF987FF5A28D} = {440A7B79-A725-4ADF-BC61-61E8DF05F246}
		{CD1C45E9-F6C9-4B5E-AE27-272AC7EDBC99} = {440A7B79-A725-4ADF-BC61-61E8DF05F246}
		{3BD3E248-B42C-4C76-AC74-861A95DC998F} = {440A7B79-A725-4ADF-BC61-61E8DF05F246}
		{B76AA92D-D146-43E4-A6D0-D3276781FCDF} = {440A7B79-A725-4ADF-BC61-61E8DF05F246}
		{07967A12-442B-4CB4-81AC-3FBCB8B7D675} = {440A7B79-A725-4ADF-BC61-61E8DF05F246}
		{BA471A4D-A152-4277-A2CC-13A4C17182C2} = {440A7B79-A725-4ADF-BC61-61E8DF05F246}
	EndGlobalSection
	GlobalSection(SolutionConfigurationPlatforms) = preSolution
		Debug|Any CPU = Debug|Any CPU
		Release|Any CPU = Release|Any CPU
	EndGlobalSection
	GlobalSection(ProjectConfigurationPlatforms) = postSolution
		{09F1DD5D-CC68-41CB-BA2C-186CFB727CA9}.Debug|Any CPU.ActiveCfg = Debug|Any CPU
		{09F1DD5D-CC68-41CB-BA2C-186CFB727CA9}.Debug|Any CPU.Build.0 = Debug|Any CPU
		{09F1DD5D-CC68-41CB-BA2C-186CFB727CA9}.Release|Any CPU.ActiveCfg = Release|Any CPU
		{09F1DD5D-CC68-41CB-BA2C-186CFB727CA9}.Release|Any CPU.Build.0 = Release|Any CPU
		{F5A3984F-4FA3-489F-9A1B-786D3E26FF19}.Debug|Any CPU.ActiveCfg = Debug|Any CPU
		{F5A3984F-4FA3-489F-9A1B-786D3E26FF19}.Debug|Any CPU.Build.0 = Debug|Any CPU
		{F5A3984F-4FA3-489F-9A1B-786D3E26FF19}.Release|Any CPU.ActiveCfg = Release|Any CPU
		{F5A3984F-4FA3-489F-9A1B-786D3E26FF19}.Release|Any CPU.Build.0 = Release|Any CPU
		{9BFC0F17-17B7-4325-A599-41DDBEE5BB6B}.Debug|Any CPU.ActiveCfg = Debug|Any CPU
		{9BFC0F17-17B7-4325-A599-41DDBEE5BB6B}.Debug|Any CPU.Build.0 = Debug|Any CPU
		{9BFC0F17-17B7-4325-A599-41DDBEE5BB6B}.Release|Any CPU.ActiveCfg = Release|Any CPU
		{9BFC0F17-17B7-4325-A599-41DDBEE5BB6B}.Release|Any CPU.Build.0 = Release|Any CPU
		{817B8CA2-0E07-462D-90B2-BBE581982535}.Debug|Any CPU.ActiveCfg = Debug|Any CPU
		{817B8CA2-0E07-462D-90B2-BBE581982535}.Debug|Any CPU.Build.0 = Debug|Any CPU
		{817B8CA2-0E07-462D-90B2-BBE581982535}.Release|Any CPU.ActiveCfg = Release|Any CPU
		{817B8CA2-0E07-462D-90B2-BBE581982535}.Release|Any CPU.Build.0 = Release|Any CPU
		{48D3CD8D-DE10-4943-BCF6-F238E91BB167}.Debug|Any CPU.ActiveCfg = Debug|Any CPU
		{48D3CD8D-DE10-4943-BCF6-F238E91BB167}.Debug|Any CPU.Build.0 = Debug|Any CPU
		{48D3CD8D-DE10-4943-BCF6-F238E91BB167}.Release|Any CPU.ActiveCfg = Release|Any CPU
		{48D3CD8D-DE10-4943-BCF6-F238E91BB167}.Release|Any CPU.Build.0 = Release|Any CPU
		{B934F60D-4818-4ADF-9290-E6AAE8C8B3AF}.Debug|Any CPU.ActiveCfg = Debug|Any CPU
		{B934F60D-4818-4ADF-9290-E6AAE8C8B3AF}.Debug|Any CPU.Build.0 = Debug|Any CPU
		{B934F60D-4818-4ADF-9290-E6AAE8C8B3AF}.Release|Any CPU.ActiveCfg = Release|Any CPU
		{B934F60D-4818-4ADF-9290-E6AAE8C8B3AF}.Release|Any CPU.Build.0 = Release|Any CPU
		{F0DD078B-604D-4495-BA57-7F71E58AB476}.Debug|Any CPU.ActiveCfg = Debug|Any CPU
		{F0DD078B-604D-4495-BA57-7F71E58AB476}.Debug|Any CPU.Build.0 = Debug|Any CPU
		{F0DD078B-604D-4495-BA57-7F71E58AB476}.Release|Any CPU.ActiveCfg = Release|Any CPU
		{F0DD078B-604D-4495-BA57-7F71E58AB476}.Release|Any CPU.Build.0 = Release|Any CPU
		{60A23EA0-443C-402F-B85F-492CE7A90337}.Debug|Any CPU.ActiveCfg = Debug|Any CPU
		{60A23EA0-443C-402F-B85F-492CE7A90337}.Debug|Any CPU.Build.0 = Debug|Any CPU
		{60A23EA0-443C-402F-B85F-492CE7A90337}.Release|Any CPU.ActiveCfg = Release|Any CPU
		{60A23EA0-443C-402F-B85F-492CE7A90337}.Release|Any CPU.Build.0 = Release|Any CPU
		{C03230E4-09C3-4630-A809-22E60957BFAA}.Debug|Any CPU.ActiveCfg = Debug|Any CPU
		{C03230E4-09C3-4630-A809-22E60957BFAA}.Debug|Any CPU.Build.0 = Debug|Any CPU
		{C03230E4-09C3-4630-A809-22E60957BFAA}.Release|Any CPU.ActiveCfg = Release|Any CPU
		{C03230E4-09C3-4630-A809-22E60957BFAA}.Release|Any CPU.Build.0 = Release|Any CPU
		{C6EBFF64-154B-4EB0-8574-9D09FDCB85F9}.Debug|Any CPU.ActiveCfg = Debug|Any CPU
		{C6EBFF64-154B-4EB0-8574-9D09FDCB85F9}.Debug|Any CPU.Build.0 = Debug|Any CPU
		{C6EBFF64-154B-4EB0-8574-9D09FDCB85F9}.Release|Any CPU.ActiveCfg = Release|Any CPU
		{C6EBFF64-154B-4EB0-8574-9D09FDCB85F9}.Release|Any CPU.Build.0 = Release|Any CPU
		{0F9128C9-3840-4DB3-9276-4D61A77D8C3B}.Debug|Any CPU.ActiveCfg = Debug|Any CPU
		{0F9128C9-3840-4DB3-9276-4D61A77D8C3B}.Debug|Any CPU.Build.0 = Debug|Any CPU
		{0F9128C9-3840-4DB3-9276-4D61A77D8C3B}.Release|Any CPU.ActiveCfg = Release|Any CPU
		{0F9128C9-3840-4DB3-9276-4D61A77D8C3B}.Release|Any CPU.Build.0 = Release|Any CPU
		{DED4E978-AC9F-485D-B8C8-AB2CC1463016}.Debug|Any CPU.ActiveCfg = Debug|Any CPU
		{DED4E978-AC9F-485D-B8C8-AB2CC1463016}.Debug|Any CPU.Build.0 = Debug|Any CPU
		{DED4E978-AC9F-485D-B8C8-AB2CC1463016}.Release|Any CPU.ActiveCfg = Release|Any CPU
		{DED4E978-AC9F-485D-B8C8-AB2CC1463016}.Release|Any CPU.Build.0 = Release|Any CPU
		{18D9E240-4669-4719-ACF9-DC1725AF47EB}.Debug|Any CPU.ActiveCfg = Debug|Any CPU
		{18D9E240-4669-4719-ACF9-DC1725AF47EB}.Debug|Any CPU.Build.0 = Debug|Any CPU
		{18D9E240-4669-4719-ACF9-DC1725AF47EB}.Release|Any CPU.ActiveCfg = Release|Any CPU
		{18D9E240-4669-4719-ACF9-DC1725AF47EB}.Release|Any CPU.Build.0 = Release|Any CPU
		{98EAE625-5773-42FF-8EEA-399F879DA489}.Debug|Any CPU.ActiveCfg = Debug|Any CPU
		{98EAE625-5773-42FF-8EEA-399F879DA489}.Debug|Any CPU.Build.0 = Debug|Any CPU
		{98EAE625-5773-42FF-8EEA-399F879DA489}.Release|Any CPU.ActiveCfg = Release|Any CPU
		{98EAE625-5773-42FF-8EEA-399F879DA489}.Release|Any CPU.Build.0 = Release|Any CPU
		{9BF34680-53AC-48AB-A894-509BB6099139}.Debug|Any CPU.ActiveCfg = Debug|Any CPU
		{9BF34680-53AC-48AB-A894-509BB6099139}.Debug|Any CPU.Build.0 = Debug|Any CPU
		{9BF34680-53AC-48AB-A894-509BB6099139}.Release|Any CPU.ActiveCfg = Release|Any CPU
		{9BF34680-53AC-48AB-A894-509BB6099139}.Release|Any CPU.Build.0 = Release|Any CPU
		{59FC2E98-1BF2-457C-834B-511E32D265E1}.Debug|Any CPU.ActiveCfg = Debug|Any CPU
		{59FC2E98-1BF2-457C-834B-511E32D265E1}.Debug|Any CPU.Build.0 = Debug|Any CPU
		{59FC2E98-1BF2-457C-834B-511E32D265E1}.Release|Any CPU.ActiveCfg = Release|Any CPU
		{59FC2E98-1BF2-457C-834B-511E32D265E1}.Release|Any CPU.Build.0 = Release|Any CPU
		{345D9FC4-E93A-40CD-96B7-E32F4DA7A429}.Debug|Any CPU.ActiveCfg = Debug|Any CPU
		{345D9FC4-E93A-40CD-96B7-E32F4DA7A429}.Debug|Any CPU.Build.0 = Debug|Any CPU
		{345D9FC4-E93A-40CD-96B7-E32F4DA7A429}.Release|Any CPU.ActiveCfg = Release|Any CPU
		{345D9FC4-E93A-40CD-96B7-E32F4DA7A429}.Release|Any CPU.Build.0 = Release|Any CPU
		{517CB29D-6AA0-462E-8571-EDDB54250ED2}.Debug|Any CPU.ActiveCfg = Debug|Any CPU
		{517CB29D-6AA0-462E-8571-EDDB54250ED2}.Debug|Any CPU.Build.0 = Debug|Any CPU
		{517CB29D-6AA0-462E-8571-EDDB54250ED2}.Release|Any CPU.ActiveCfg = Release|Any CPU
		{517CB29D-6AA0-462E-8571-EDDB54250ED2}.Release|Any CPU.Build.0 = Release|Any CPU
		{4055BA38-BBC5-4373-9565-606A3DE8D2F6}.Debug|Any CPU.ActiveCfg = Debug|Any CPU
		{4055BA38-BBC5-4373-9565-606A3DE8D2F6}.Debug|Any CPU.Build.0 = Debug|Any CPU
		{4055BA38-BBC5-4373-9565-606A3DE8D2F6}.Release|Any CPU.ActiveCfg = Release|Any CPU
		{4055BA38-BBC5-4373-9565-606A3DE8D2F6}.Release|Any CPU.Build.0 = Release|Any CPU
		{FFD977E7-4FF1-41BB-8900-BF2D1D895492}.Debug|Any CPU.ActiveCfg = Debug|Any CPU
		{FFD977E7-4FF1-41BB-8900-BF2D1D895492}.Debug|Any CPU.Build.0 = Debug|Any CPU
		{FFD977E7-4FF1-41BB-8900-BF2D1D895492}.Release|Any CPU.ActiveCfg = Release|Any CPU
		{FFD977E7-4FF1-41BB-8900-BF2D1D895492}.Release|Any CPU.Build.0 = Release|Any CPU
		{CD5128A4-2F71-4736-BE56-928C3A670C65}.Debug|Any CPU.ActiveCfg = Debug|Any CPU
		{CD5128A4-2F71-4736-BE56-928C3A670C65}.Debug|Any CPU.Build.0 = Debug|Any CPU
		{CD5128A4-2F71-4736-BE56-928C3A670C65}.Release|Any CPU.ActiveCfg = Release|Any CPU
		{CD5128A4-2F71-4736-BE56-928C3A670C65}.Release|Any CPU.Build.0 = Release|Any CPU
		{3C4E247A-3A00-4AA9-B1F1-17ADFBFE114D}.Debug|Any CPU.ActiveCfg = Debug|Any CPU
		{3C4E247A-3A00-4AA9-B1F1-17ADFBFE114D}.Debug|Any CPU.Build.0 = Debug|Any CPU
		{3C4E247A-3A00-4AA9-B1F1-17ADFBFE114D}.Release|Any CPU.ActiveCfg = Release|Any CPU
		{3C4E247A-3A00-4AA9-B1F1-17ADFBFE114D}.Release|Any CPU.Build.0 = Release|Any CPU
		{34419E41-680B-407F-BBFD-7330A1DEA731}.Debug|Any CPU.ActiveCfg = Debug|Any CPU
		{34419E41-680B-407F-BBFD-7330A1DEA731}.Debug|Any CPU.Build.0 = Debug|Any CPU
		{34419E41-680B-407F-BBFD-7330A1DEA731}.Release|Any CPU.ActiveCfg = Release|Any CPU
		{34419E41-680B-407F-BBFD-7330A1DEA731}.Release|Any CPU.Build.0 = Release|Any CPU
		{8EAD5BE7-D435-4638-9206-383119E48A81}.Debug|Any CPU.ActiveCfg = Debug|Any CPU
		{8EAD5BE7-D435-4638-9206-383119E48A81}.Debug|Any CPU.Build.0 = Debug|Any CPU
		{8EAD5BE7-D435-4638-9206-383119E48A81}.Release|Any CPU.ActiveCfg = Release|Any CPU
		{8EAD5BE7-D435-4638-9206-383119E48A81}.Release|Any CPU.Build.0 = Release|Any CPU
		{376BED61-FF8C-429E-A51B-6A287AA841BA}.Debug|Any CPU.ActiveCfg = Debug|Any CPU
		{376BED61-FF8C-429E-A51B-6A287AA841BA}.Debug|Any CPU.Build.0 = Debug|Any CPU
		{376BED61-FF8C-429E-A51B-6A287AA841BA}.Release|Any CPU.ActiveCfg = Release|Any CPU
		{376BED61-FF8C-429E-A51B-6A287AA841BA}.Release|Any CPU.Build.0 = Release|Any CPU
		{9D5AE4B1-4A53-42D1-B472-C5E0986E2453}.Debug|Any CPU.ActiveCfg = Debug|Any CPU
		{9D5AE4B1-4A53-42D1-B472-C5E0986E2453}.Debug|Any CPU.Build.0 = Debug|Any CPU
		{9D5AE4B1-4A53-42D1-B472-C5E0986E2453}.Release|Any CPU.ActiveCfg = Release|Any CPU
		{9D5AE4B1-4A53-42D1-B472-C5E0986E2453}.Release|Any CPU.Build.0 = Release|Any CPU
		{F4FC821C-45FD-4F0E-A484-1FE5DA9E7E44}.Debug|Any CPU.ActiveCfg = Debug|Any CPU
		{F4FC821C-45FD-4F0E-A484-1FE5DA9E7E44}.Debug|Any CPU.Build.0 = Debug|Any CPU
		{F4FC821C-45FD-4F0E-A484-1FE5DA9E7E44}.Release|Any CPU.ActiveCfg = Release|Any CPU
		{F4FC821C-45FD-4F0E-A484-1FE5DA9E7E44}.Release|Any CPU.Build.0 = Release|Any CPU
		{D0225AD0-3EDB-4C56-BDEC-8179AD269C66}.Debug|Any CPU.ActiveCfg = Debug|Any CPU
		{D0225AD0-3EDB-4C56-BDEC-8179AD269C66}.Debug|Any CPU.Build.0 = Debug|Any CPU
		{D0225AD0-3EDB-4C56-BDEC-8179AD269C66}.Release|Any CPU.ActiveCfg = Release|Any CPU
		{D0225AD0-3EDB-4C56-BDEC-8179AD269C66}.Release|Any CPU.Build.0 = Release|Any CPU
		{2AE03142-F3E1-4EB0-ADAC-8C6DFC732273}.Debug|Any CPU.ActiveCfg = Debug|Any CPU
		{2AE03142-F3E1-4EB0-ADAC-8C6DFC732273}.Debug|Any CPU.Build.0 = Debug|Any CPU
		{2AE03142-F3E1-4EB0-ADAC-8C6DFC732273}.Release|Any CPU.ActiveCfg = Release|Any CPU
		{2AE03142-F3E1-4EB0-ADAC-8C6DFC732273}.Release|Any CPU.Build.0 = Release|Any CPU
		{9D55A66C-98FE-42B7-ADE2-DF987FF5A28D}.Debug|Any CPU.ActiveCfg = Debug|Any CPU
		{9D55A66C-98FE-42B7-ADE2-DF987FF5A28D}.Debug|Any CPU.Build.0 = Debug|Any CPU
		{9D55A66C-98FE-42B7-ADE2-DF987FF5A28D}.Release|Any CPU.ActiveCfg = Release|Any CPU
		{9D55A66C-98FE-42B7-ADE2-DF987FF5A28D}.Release|Any CPU.Build.0 = Release|Any CPU
		{CD1C45E9-F6C9-4B5E-AE27-272AC7EDBC99}.Debug|Any CPU.ActiveCfg = Debug|Any CPU
		{CD1C45E9-F6C9-4B5E-AE27-272AC7EDBC99}.Debug|Any CPU.Build.0 = Debug|Any CPU
		{CD1C45E9-F6C9-4B5E-AE27-272AC7EDBC99}.Release|Any CPU.ActiveCfg = Release|Any CPU
		{CD1C45E9-F6C9-4B5E-AE27-272AC7EDBC99}.Release|Any CPU.Build.0 = Release|Any CPU
		{3BD3E248-B42C-4C76-AC74-861A95DC998F}.Debug|Any CPU.ActiveCfg = Debug|Any CPU
		{3BD3E248-B42C-4C76-AC74-861A95DC998F}.Debug|Any CPU.Build.0 = Debug|Any CPU
		{3BD3E248-B42C-4C76-AC74-861A95DC998F}.Release|Any CPU.ActiveCfg = Release|Any CPU
		{3BD3E248-B42C-4C76-AC74-861A95DC998F}.Release|Any CPU.Build.0 = Release|Any CPU
		{B76AA92D-D146-43E4-A6D0-D3276781FCDF}.Debug|Any CPU.ActiveCfg = Debug|Any CPU
		{B76AA92D-D146-43E4-A6D0-D3276781FCDF}.Debug|Any CPU.Build.0 = Debug|Any CPU
		{B76AA92D-D146-43E4-A6D0-D3276781FCDF}.Release|Any CPU.ActiveCfg = Release|Any CPU
		{B76AA92D-D146-43E4-A6D0-D3276781FCDF}.Release|Any CPU.Build.0 = Release|Any CPU
		{07967A12-442B-4CB4-81AC-3FBCB8B7D675}.Debug|Any CPU.ActiveCfg = Debug|Any CPU
		{07967A12-442B-4CB4-81AC-3FBCB8B7D675}.Debug|Any CPU.Build.0 = Debug|Any CPU
		{07967A12-442B-4CB4-81AC-3FBCB8B7D675}.Release|Any CPU.ActiveCfg = Release|Any CPU
		{07967A12-442B-4CB4-81AC-3FBCB8B7D675}.Release|Any CPU.Build.0 = Release|Any CPU
		{BA471A4D-A152-4277-A2CC-13A4C17182C2}.Debug|Any CPU.ActiveCfg = Debug|Any CPU
		{BA471A4D-A152-4277-A2CC-13A4C17182C2}.Debug|Any CPU.Build.0 = Debug|Any CPU
		{BA471A4D-A152-4277-A2CC-13A4C17182C2}.Release|Any CPU.ActiveCfg = Release|Any CPU
		{BA471A4D-A152-4277-A2CC-13A4C17182C2}.Release|Any CPU.Build.0 = Release|Any CPU
	EndGlobalSection
	GlobalSection(SolutionProperties) = preSolution
		HideSolutionNode = FALSE
	EndGlobalSection
	GlobalSection(ExtensibilityGlobals) = postSolution
		SolutionGuid = {2312D03E-38B3-41C7-BADD-44AEF9BA845B}
	EndGlobalSection
EndGlobal
